
Microsoft Visual Studio Solution File, Format Version 12.00
# Visual Studio Version 16
VisualStudioVersion = 16.0.29230.47
MinimumVisualStudioVersion = 10.0.40219.1
Project("{FAE04EC0-301F-11D3-BF4B-00C04F79EFBC}") = "Ideal", "ESTF\Ideal.csproj", "{0B594DE2-C2C5-4815-9F54-A92AB259BB17}"
EndProject
Global
	GlobalSection(SolutionConfigurationPlatforms) = preSolution
		Debug|Any CPU = Debug|Any CPU
		Release|Any CPU = Release|Any CPU
	EndGlobalSection
	GlobalSection(ProjectConfigurationPlatforms) = postSolution
		{0B594DE2-C2C5-4815-9F54-A92AB259BB17}.Debug|Any CPU.ActiveCfg = Debug|Any CPU
		{0B594DE2-C2C5-4815-9F54-A92AB259BB17}.Debug|Any CPU.Build.0 = Debug|Any CPU
		{0B594DE2-C2C5-4815-9F54-A92AB259BB17}.Release|Any CPU.ActiveCfg = Release|Any CPU
		{0B594DE2-C2C5-4815-9F54-A92AB259BB17}.Release|Any CPU.Build.0 = Release|Any CPU
	EndGlobalSection
	GlobalSection(SolutionProperties) = preSolution
		HideSolutionNode = FALSE
	EndGlobalSection
	GlobalSection(ExtensibilityGlobals) = postSolution
		SolutionGuid = {92B1154F-9740-4A0A-AA81-1B411D3508A2}
	EndGlobalSection
EndGlobal
